// !$*UTF8*$!
{
	archiveVersion = 1;
	classes = {
	};
	objectVersion = 50;
	objects = {

/* Begin PBXBuildFile section */
		1A5E74B72426BDA30011DA11 /* AppDelegate.swift in Sources */ = {isa = PBXBuildFile; fileRef = 1A5E74B62426BDA30011DA11 /* AppDelegate.swift */; };
		1A5E74B92426BDA30011DA11 /* SceneDelegate.swift in Sources */ = {isa = PBXBuildFile; fileRef = 1A5E74B82426BDA30011DA11 /* SceneDelegate.swift */; };
		1A5E74C02426BDA70011DA11 /* Assets.xcassets in Resources */ = {isa = PBXBuildFile; fileRef = 1A5E74BF2426BDA70011DA11 /* Assets.xcassets */; };
		1A5E74C32426BDA70011DA11 /* LaunchScreen.storyboard in Resources */ = {isa = PBXBuildFile; fileRef = 1A5E74C12426BDA70011DA11 /* LaunchScreen.storyboard */; };
		1A5E75192426BFC80011DA11 /* CoordinatorFinishFlowProtocol.swift in Sources */ = {isa = PBXBuildFile; fileRef = 1A5E74E72426BFC70011DA11 /* CoordinatorFinishFlowProtocol.swift */; };
		1A5E751A2426BFC80011DA11 /* ViewController+Coordinator.swift in Sources */ = {isa = PBXBuildFile; fileRef = 1A5E74E92426BFC70011DA11 /* ViewController+Coordinator.swift */; };
		1A5E751B2426BFC80011DA11 /* BaseRouterCoordinator.swift in Sources */ = {isa = PBXBuildFile; fileRef = 1A5E74EB2426BFC70011DA11 /* BaseRouterCoordinator.swift */; };
		1A5E751C2426BFC80011DA11 /* BaseTabBarCoordinator.swift in Sources */ = {isa = PBXBuildFile; fileRef = 1A5E74EC2426BFC70011DA11 /* BaseTabBarCoordinator.swift */; };
		1A5E751D2426BFC80011DA11 /* Presentable.swift in Sources */ = {isa = PBXBuildFile; fileRef = 1A5E74EE2426BFC70011DA11 /* Presentable.swift */; };
		1A5E751E2426BFC80011DA11 /* Router.swift in Sources */ = {isa = PBXBuildFile; fileRef = 1A5E74EF2426BFC70011DA11 /* Router.swift */; };
		1A5E751F2426BFC80011DA11 /* CoordinatorProtocol.swift in Sources */ = {isa = PBXBuildFile; fileRef = 1A5E74F02426BFC70011DA11 /* CoordinatorProtocol.swift */; };
		1A5E75202426BFC80011DA11 /* URLCachableImageView.swift in Sources */ = {isa = PBXBuildFile; fileRef = 1A5E74F22426BFC70011DA11 /* URLCachableImageView.swift */; };
		1A5E75212426BFC80011DA11 /* RepositoryHandler.swift in Sources */ = {isa = PBXBuildFile; fileRef = 1A5E74F42426BFC70011DA11 /* RepositoryHandler.swift */; };
		1A5E75222426BFC80011DA11 /* ListingsViewCellViewModel.swift in Sources */ = {isa = PBXBuildFile; fileRef = 1A5E74F62426BFC70011DA11 /* ListingsViewCellViewModel.swift */; };
		1A5E75232426BFC80011DA11 /* ListingsCordinator.swift in Sources */ = {isa = PBXBuildFile; fileRef = 1A5E74F72426BFC70011DA11 /* ListingsCordinator.swift */; };
		1A5E75242426BFC80011DA11 /* ListingsViewController.swift in Sources */ = {isa = PBXBuildFile; fileRef = 1A5E74F82426BFC70011DA11 /* ListingsViewController.swift */; };
		1A5E75252426BFC80011DA11 /* ListingsViewCell.swift in Sources */ = {isa = PBXBuildFile; fileRef = 1A5E74F92426BFC70011DA11 /* ListingsViewCell.swift */; };
		1A5E75262426BFC80011DA11 /* Location.swift in Sources */ = {isa = PBXBuildFile; fileRef = 1A5E74FB2426BFC70011DA11 /* Location.swift */; };
		1A5E75272426BFC80011DA11 /* Image.swift in Sources */ = {isa = PBXBuildFile; fileRef = 1A5E74FC2426BFC70011DA11 /* Image.swift */; };
		1A5E75282426BFC80011DA11 /* ImmoList.swift in Sources */ = {isa = PBXBuildFile; fileRef = 1A5E74FD2426BFC70011DA11 /* ImmoList.swift */; };
		1A5E75292426BFC80011DA11 /* Listing.swift in Sources */ = {isa = PBXBuildFile; fileRef = 1A5E74FE2426BFC70011DA11 /* Listing.swift */; };
		1A5E752A2426BFC80011DA11 /* ListingsUseCase.swift in Sources */ = {isa = PBXBuildFile; fileRef = 1A5E74FF2426BFC70011DA11 /* ListingsUseCase.swift */; };
		1A5E752B2426BFC80011DA11 /* ListingsViewModel.swift in Sources */ = {isa = PBXBuildFile; fileRef = 1A5E75002426BFC70011DA11 /* ListingsViewModel.swift */; };
		1A5E752C2426BFC80011DA11 /* ImageCache.swift in Sources */ = {isa = PBXBuildFile; fileRef = 1A5E75022426BFC80011DA11 /* ImageCache.swift */; };
		1A5E752D2426BFC80011DA11 /* GlobalConstants.swift in Sources */ = {isa = PBXBuildFile; fileRef = 1A5E75042426BFC80011DA11 /* GlobalConstants.swift */; };
		1A5E752E2426BFC80011DA11 /* Logger.swift in Sources */ = {isa = PBXBuildFile; fileRef = 1A5E75062426BFC80011DA11 /* Logger.swift */; };
		1A5E752F2426BFC80011DA11 /* UIImage+Extensions.swift in Sources */ = {isa = PBXBuildFile; fileRef = 1A5E75082426BFC80011DA11 /* UIImage+Extensions.swift */; };
		1A5E75302426BFC80011DA11 /* UITableView+Extensions.swift in Sources */ = {isa = PBXBuildFile; fileRef = 1A5E75092426BFC80011DA11 /* UITableView+Extensions.swift */; };
		1A5E75312426BFC80011DA11 /* Double+Extensions.swift in Sources */ = {isa = PBXBuildFile; fileRef = 1A5E750A2426BFC80011DA11 /* Double+Extensions.swift */; };
		1A5E75322426BFC80011DA11 /* MockURLSession.swift in Sources */ = {isa = PBXBuildFile; fileRef = 1A5E750D2426BFC80011DA11 /* MockURLSession.swift */; };
		1A5E75352426BFC80011DA11 /* HTTPClient.swift in Sources */ = {isa = PBXBuildFile; fileRef = 1A5E75102426BFC80011DA11 /* HTTPClient.swift */; };
		1A5E75372426BFC80011DA11 /* MyClientService.swift in Sources */ = {isa = PBXBuildFile; fileRef = 1A5E75122426BFC80011DA11 /* MyClientService.swift */; };
		1A5E75392426BFC80011DA11 /* EndPoint.swift in Sources */ = {isa = PBXBuildFile; fileRef = 1A5E75142426BFC80011DA11 /* EndPoint.swift */; };
		1A5E753A2426BFC80011DA11 /* FavoritesCoordinator.swift in Sources */ = {isa = PBXBuildFile; fileRef = 1A5E75162426BFC80011DA11 /* FavoritesCoordinator.swift */; };
		1A5E753B2426BFC80011DA11 /* FavoritesViewModel.swift in Sources */ = {isa = PBXBuildFile; fileRef = 1A5E75172426BFC80011DA11 /* FavoritesViewModel.swift */; };
		1A5E753C2426BFC80011DA11 /* FavoritesViewController.swift in Sources */ = {isa = PBXBuildFile; fileRef = 1A5E75182426BFC80011DA11 /* FavoritesViewController.swift */; };
		1A5E753E2426BFF60011DA11 /* AppCoordinator.swift in Sources */ = {isa = PBXBuildFile; fileRef = 1A5E753D2426BFF60011DA11 /* AppCoordinator.swift */; };
		1A5E75472426C0880011DA11 /* ListingsUsecaseTests.swift in Sources */ = {isa = PBXBuildFile; fileRef = 1A5E75402426C0870011DA11 /* ListingsUsecaseTests.swift */; };
		1A5E75482426C0880011DA11 /* TestAssets.xcassets in Resources */ = {isa = PBXBuildFile; fileRef = 1A5E75412426C0870011DA11 /* TestAssets.xcassets */; };
		1A5E75492426C0880011DA11 /* MyClientServiceTests.swift in Sources */ = {isa = PBXBuildFile; fileRef = 1A5E75422426C0870011DA11 /* MyClientServiceTests.swift */; };
		1A5E754A2426C0880011DA11 /* ListingsViewCellViewModelTests.swift in Sources */ = {isa = PBXBuildFile; fileRef = 1A5E75432426C0880011DA11 /* ListingsViewCellViewModelTests.swift */; };
		1A5E754B2426C0880011DA11 /* ListingsViewModelTests.swift in Sources */ = {isa = PBXBuildFile; fileRef = 1A5E75442426C0880011DA11 /* ListingsViewModelTests.swift */; };
		1A5E754C2426C0880011DA11 /* URLCachableImageViewTests.swift in Sources */ = {isa = PBXBuildFile; fileRef = 1A5E75452426C0880011DA11 /* URLCachableImageViewTests.swift */; };
		1A5E754D2426C0880011DA11 /* HTTPClientTests.swift in Sources */ = {isa = PBXBuildFile; fileRef = 1A5E75462426C0880011DA11 /* HTTPClientTests.swift */; };
		1A5E754F2426C0AB0011DA11 /* UIKitTemplateUITests.swift in Sources */ = {isa = PBXBuildFile; fileRef = 1A5E754E2426C0AB0011DA11 /* UIKitTemplateUITests.swift */; };
		1A5E75512426C0B10011DA11 /* testData.json in Resources */ = {isa = PBXBuildFile; fileRef = 1A5E75502426C0B10011DA11 /* testData.json */; };
/* End PBXBuildFile section */

/* Begin PBXContainerItemProxy section */
		1A5E74CA2426BDA70011DA11 /* PBXContainerItemProxy */ = {
			isa = PBXContainerItemProxy;
			containerPortal = 1A5E74AB2426BDA30011DA11 /* Project object */;
			proxyType = 1;
			remoteGlobalIDString = 1A5E74B22426BDA30011DA11;
			remoteInfo = TestProject;
		};
		1A5E74D52426BDA70011DA11 /* PBXContainerItemProxy */ = {
			isa = PBXContainerItemProxy;
			containerPortal = 1A5E74AB2426BDA30011DA11 /* Project object */;
			proxyType = 1;
			remoteGlobalIDString = 1A5E74B22426BDA30011DA11;
			remoteInfo = TestProject;
		};
/* End PBXContainerItemProxy section */

/* Begin PBXFileReference section */
		1A5E74B32426BDA30011DA11 /* TestProject.app */ = {isa = PBXFileReference; explicitFileType = wrapper.application; includeInIndex = 0; path = TestProject.app; sourceTree = BUILT_PRODUCTS_DIR; };
		1A5E74B62426BDA30011DA11 /* AppDelegate.swift */ = {isa = PBXFileReference; lastKnownFileType = sourcecode.swift; path = AppDelegate.swift; sourceTree = "<group>"; };
		1A5E74B82426BDA30011DA11 /* SceneDelegate.swift */ = {isa = PBXFileReference; lastKnownFileType = sourcecode.swift; path = SceneDelegate.swift; sourceTree = "<group>"; };
		1A5E74BF2426BDA70011DA11 /* Assets.xcassets */ = {isa = PBXFileReference; lastKnownFileType = folder.assetcatalog; path = Assets.xcassets; sourceTree = "<group>"; };
		1A5E74C22426BDA70011DA11 /* Base */ = {isa = PBXFileReference; lastKnownFileType = file.storyboard; name = Base; path = Base.lproj/LaunchScreen.storyboard; sourceTree = "<group>"; };
		1A5E74C42426BDA70011DA11 /* Info.plist */ = {isa = PBXFileReference; lastKnownFileType = text.plist.xml; path = Info.plist; sourceTree = "<group>"; };
		1A5E74C92426BDA70011DA11 /* TestProjectTests.xctest */ = {isa = PBXFileReference; explicitFileType = wrapper.cfbundle; includeInIndex = 0; path = TestProjectTests.xctest; sourceTree = BUILT_PRODUCTS_DIR; };
		1A5E74CF2426BDA70011DA11 /* Info.plist */ = {isa = PBXFileReference; lastKnownFileType = text.plist.xml; path = Info.plist; sourceTree = "<group>"; };
		1A5E74D42426BDA70011DA11 /* TestProjectUITests.xctest */ = {isa = PBXFileReference; explicitFileType = wrapper.cfbundle; includeInIndex = 0; path = TestProjectUITests.xctest; sourceTree = BUILT_PRODUCTS_DIR; };
		1A5E74DA2426BDA70011DA11 /* Info.plist */ = {isa = PBXFileReference; lastKnownFileType = text.plist.xml; path = Info.plist; sourceTree = "<group>"; };
		1A5E74E72426BFC70011DA11 /* CoordinatorFinishFlowProtocol.swift */ = {isa = PBXFileReference; fileEncoding = 4; lastKnownFileType = sourcecode.swift; path = CoordinatorFinishFlowProtocol.swift; sourceTree = "<group>"; };
		1A5E74E92426BFC70011DA11 /* ViewController+Coordinator.swift */ = {isa = PBXFileReference; fileEncoding = 4; lastKnownFileType = sourcecode.swift; path = "ViewController+Coordinator.swift"; sourceTree = "<group>"; };
		1A5E74EB2426BFC70011DA11 /* BaseRouterCoordinator.swift */ = {isa = PBXFileReference; fileEncoding = 4; lastKnownFileType = sourcecode.swift; path = BaseRouterCoordinator.swift; sourceTree = "<group>"; };
		1A5E74EC2426BFC70011DA11 /* BaseTabBarCoordinator.swift */ = {isa = PBXFileReference; fileEncoding = 4; lastKnownFileType = sourcecode.swift; path = BaseTabBarCoordinator.swift; sourceTree = "<group>"; };
		1A5E74EE2426BFC70011DA11 /* Presentable.swift */ = {isa = PBXFileReference; fileEncoding = 4; lastKnownFileType = sourcecode.swift; path = Presentable.swift; sourceTree = "<group>"; };
		1A5E74EF2426BFC70011DA11 /* Router.swift */ = {isa = PBXFileReference; fileEncoding = 4; lastKnownFileType = sourcecode.swift; path = Router.swift; sourceTree = "<group>"; };
		1A5E74F02426BFC70011DA11 /* CoordinatorProtocol.swift */ = {isa = PBXFileReference; fileEncoding = 4; lastKnownFileType = sourcecode.swift; path = CoordinatorProtocol.swift; sourceTree = "<group>"; };
		1A5E74F22426BFC70011DA11 /* URLCachableImageView.swift */ = {isa = PBXFileReference; fileEncoding = 4; lastKnownFileType = sourcecode.swift; path = URLCachableImageView.swift; sourceTree = "<group>"; };
		1A5E74F42426BFC70011DA11 /* RepositoryHandler.swift */ = {isa = PBXFileReference; fileEncoding = 4; lastKnownFileType = sourcecode.swift; path = RepositoryHandler.swift; sourceTree = "<group>"; };
		1A5E74F62426BFC70011DA11 /* ListingsViewCellViewModel.swift */ = {isa = PBXFileReference; fileEncoding = 4; lastKnownFileType = sourcecode.swift; path = ListingsViewCellViewModel.swift; sourceTree = "<group>"; };
		1A5E74F72426BFC70011DA11 /* ListingsCordinator.swift */ = {isa = PBXFileReference; fileEncoding = 4; lastKnownFileType = sourcecode.swift; path = ListingsCordinator.swift; sourceTree = "<group>"; };
		1A5E74F82426BFC70011DA11 /* ListingsViewController.swift */ = {isa = PBXFileReference; fileEncoding = 4; lastKnownFileType = sourcecode.swift; path = ListingsViewController.swift; sourceTree = "<group>"; };
		1A5E74F92426BFC70011DA11 /* ListingsViewCell.swift */ = {isa = PBXFileReference; fileEncoding = 4; lastKnownFileType = sourcecode.swift; path = ListingsViewCell.swift; sourceTree = "<group>"; };
		1A5E74FB2426BFC70011DA11 /* Location.swift */ = {isa = PBXFileReference; fileEncoding = 4; lastKnownFileType = sourcecode.swift; path = Location.swift; sourceTree = "<group>"; };
		1A5E74FC2426BFC70011DA11 /* Image.swift */ = {isa = PBXFileReference; fileEncoding = 4; lastKnownFileType = sourcecode.swift; path = Image.swift; sourceTree = "<group>"; };
		1A5E74FD2426BFC70011DA11 /* ImmoList.swift */ = {isa = PBXFileReference; fileEncoding = 4; lastKnownFileType = sourcecode.swift; path = ImmoList.swift; sourceTree = "<group>"; };
		1A5E74FE2426BFC70011DA11 /* Listing.swift */ = {isa = PBXFileReference; fileEncoding = 4; lastKnownFileType = sourcecode.swift; path = Listing.swift; sourceTree = "<group>"; };
		1A5E74FF2426BFC70011DA11 /* ListingsUseCase.swift */ = {isa = PBXFileReference; fileEncoding = 4; lastKnownFileType = sourcecode.swift; path = ListingsUseCase.swift; sourceTree = "<group>"; };
		1A5E75002426BFC70011DA11 /* ListingsViewModel.swift */ = {isa = PBXFileReference; fileEncoding = 4; lastKnownFileType = sourcecode.swift; path = ListingsViewModel.swift; sourceTree = "<group>"; };
		1A5E75022426BFC80011DA11 /* ImageCache.swift */ = {isa = PBXFileReference; fileEncoding = 4; lastKnownFileType = sourcecode.swift; path = ImageCache.swift; sourceTree = "<group>"; };
		1A5E75042426BFC80011DA11 /* GlobalConstants.swift */ = {isa = PBXFileReference; fileEncoding = 4; lastKnownFileType = sourcecode.swift; path = GlobalConstants.swift; sourceTree = "<group>"; };
		1A5E75062426BFC80011DA11 /* Logger.swift */ = {isa = PBXFileReference; fileEncoding = 4; lastKnownFileType = sourcecode.swift; path = Logger.swift; sourceTree = "<group>"; };
		1A5E75082426BFC80011DA11 /* UIImage+Extensions.swift */ = {isa = PBXFileReference; fileEncoding = 4; lastKnownFileType = sourcecode.swift; path = "UIImage+Extensions.swift"; sourceTree = "<group>"; };
		1A5E75092426BFC80011DA11 /* UITableView+Extensions.swift */ = {isa = PBXFileReference; fileEncoding = 4; lastKnownFileType = sourcecode.swift; path = "UITableView+Extensions.swift"; sourceTree = "<group>"; };
		1A5E750A2426BFC80011DA11 /* Double+Extensions.swift */ = {isa = PBXFileReference; fileEncoding = 4; lastKnownFileType = sourcecode.swift; path = "Double+Extensions.swift"; sourceTree = "<group>"; };
		1A5E750D2426BFC80011DA11 /* MockURLSession.swift */ = {isa = PBXFileReference; fileEncoding = 4; lastKnownFileType = sourcecode.swift; path = MockURLSession.swift; sourceTree = "<group>"; };
		1A5E75102426BFC80011DA11 /* HTTPClient.swift */ = {isa = PBXFileReference; fileEncoding = 4; lastKnownFileType = sourcecode.swift; path = HTTPClient.swift; sourceTree = "<group>"; };
		1A5E75122426BFC80011DA11 /* MyClientService.swift */ = {isa = PBXFileReference; fileEncoding = 4; lastKnownFileType = sourcecode.swift; path = MyClientService.swift; sourceTree = "<group>"; };
		1A5E75142426BFC80011DA11 /* EndPoint.swift */ = {isa = PBXFileReference; fileEncoding = 4; lastKnownFileType = sourcecode.swift; path = EndPoint.swift; sourceTree = "<group>"; };
		1A5E75162426BFC80011DA11 /* FavoritesCoordinator.swift */ = {isa = PBXFileReference; fileEncoding = 4; lastKnownFileType = sourcecode.swift; path = FavoritesCoordinator.swift; sourceTree = "<group>"; };
		1A5E75172426BFC80011DA11 /* FavoritesViewModel.swift */ = {isa = PBXFileReference; fileEncoding = 4; lastKnownFileType = sourcecode.swift; path = FavoritesViewModel.swift; sourceTree = "<group>"; };
		1A5E75182426BFC80011DA11 /* FavoritesViewController.swift */ = {isa = PBXFileReference; fileEncoding = 4; lastKnownFileType = sourcecode.swift; path = FavoritesViewController.swift; sourceTree = "<group>"; };
		1A5E753D2426BFF60011DA11 /* AppCoordinator.swift */ = {isa = PBXFileReference; fileEncoding = 4; lastKnownFileType = sourcecode.swift; path = AppCoordinator.swift; sourceTree = "<group>"; };
		1A5E75402426C0870011DA11 /* ListingsUsecaseTests.swift */ = {isa = PBXFileReference; fileEncoding = 4; lastKnownFileType = sourcecode.swift; path = ListingsUsecaseTests.swift; sourceTree = "<group>"; };
		1A5E75412426C0870011DA11 /* TestAssets.xcassets */ = {isa = PBXFileReference; lastKnownFileType = folder.assetcatalog; path = TestAssets.xcassets; sourceTree = "<group>"; };
		1A5E75422426C0870011DA11 /* MyClientServiceTests.swift */ = {isa = PBXFileReference; fileEncoding = 4; lastKnownFileType = sourcecode.swift; path = MyClientServiceTests.swift; sourceTree = "<group>"; };
		1A5E75432426C0880011DA11 /* ListingsViewCellViewModelTests.swift */ = {isa = PBXFileReference; fileEncoding = 4; lastKnownFileType = sourcecode.swift; path = ListingsViewCellViewModelTests.swift; sourceTree = "<group>"; };
		1A5E75442426C0880011DA11 /* ListingsViewModelTests.swift */ = {isa = PBXFileReference; fileEncoding = 4; lastKnownFileType = sourcecode.swift; path = ListingsViewModelTests.swift; sourceTree = "<group>"; };
		1A5E75452426C0880011DA11 /* URLCachableImageViewTests.swift */ = {isa = PBXFileReference; fileEncoding = 4; lastKnownFileType = sourcecode.swift; path = URLCachableImageViewTests.swift; sourceTree = "<group>"; };
		1A5E75462426C0880011DA11 /* HTTPClientTests.swift */ = {isa = PBXFileReference; fileEncoding = 4; lastKnownFileType = sourcecode.swift; path = HTTPClientTests.swift; sourceTree = "<group>"; };
		1A5E754E2426C0AB0011DA11 /* UIKitTemplateUITests.swift */ = {isa = PBXFileReference; fileEncoding = 4; lastKnownFileType = sourcecode.swift; path = UIKitTemplateUITests.swift; sourceTree = "<group>"; };
		1A5E75502426C0B10011DA11 /* testData.json */ = {isa = PBXFileReference; fileEncoding = 4; lastKnownFileType = text.json; path = testData.json; sourceTree = "<group>"; };
/* End PBXFileReference section */

/* Begin PBXFrameworksBuildPhase section */
		1A5E74B02426BDA30011DA11 /* Frameworks */ = {
			isa = PBXFrameworksBuildPhase;
			buildActionMask = 2147483647;
			files = (
			);
			runOnlyForDeploymentPostprocessing = 0;
		};
		1A5E74C62426BDA70011DA11 /* Frameworks */ = {
			isa = PBXFrameworksBuildPhase;
			buildActionMask = 2147483647;
			files = (
			);
			runOnlyForDeploymentPostprocessing = 0;
		};
		1A5E74D12426BDA70011DA11 /* Frameworks */ = {
			isa = PBXFrameworksBuildPhase;
			buildActionMask = 2147483647;
			files = (
			);
			runOnlyForDeploymentPostprocessing = 0;
		};
/* End PBXFrameworksBuildPhase section */

/* Begin PBXGroup section */
		1A5E74AA2426BDA30011DA11 = {
			isa = PBXGroup;
			children = (
				1A5E74B52426BDA30011DA11 /* TestProject */,
				1A5E74CC2426BDA70011DA11 /* TestProjectTests */,
				1A5E74D72426BDA70011DA11 /* TestProjectUITests */,
				1A5E74B42426BDA30011DA11 /* Products */,
			);
			sourceTree = "<group>";
		};
		1A5E74B42426BDA30011DA11 /* Products */ = {
			isa = PBXGroup;
			children = (
				1A5E74B32426BDA30011DA11 /* TestProject.app */,
				1A5E74C92426BDA70011DA11 /* TestProjectTests.xctest */,
				1A5E74D42426BDA70011DA11 /* TestProjectUITests.xctest */,
			);
			name = Products;
			sourceTree = "<group>";
		};
		1A5E74B52426BDA30011DA11 /* TestProject */ = {
			isa = PBXGroup;
			children = (
				1A5E74F52426BFC70011DA11 /* Feature_Listings */,
				1A5E75152426BFC80011DA11 /* Feature_Favorites */,
				1A5E75012426BFC80011DA11 /* Caching */,
				1A5E74E62426BFC70011DA11 /* Coordinator */,
				1A5E74F12426BFC70011DA11 /* CustomViews */,
				1A5E74F32426BFC70011DA11 /* Database */,
				1A5E75072426BFC80011DA11 /* Extensions */,
				1A5E75032426BFC80011DA11 /* Global */,
				1A5E750B2426BFC80011DA11 /* Networking */,
				1A5E75052426BFC80011DA11 /* Utilities */,
				1A5E753D2426BFF60011DA11 /* AppCoordinator.swift */,
				1A5E74B62426BDA30011DA11 /* AppDelegate.swift */,
				1A5E74B82426BDA30011DA11 /* SceneDelegate.swift */,
				1A5E74BF2426BDA70011DA11 /* Assets.xcassets */,
				1A5E74C12426BDA70011DA11 /* LaunchScreen.storyboard */,
				1A5E74C42426BDA70011DA11 /* Info.plist */,
			);
			path = TestProject;
			sourceTree = "<group>";
		};
		1A5E74CC2426BDA70011DA11 /* TestProjectTests */ = {
			isa = PBXGroup;
			children = (
				1A5E75462426C0880011DA11 /* HTTPClientTests.swift */,
				1A5E75452426C0880011DA11 /* URLCachableImageViewTests.swift */,
				1A5E75402426C0870011DA11 /* ListingsUsecaseTests.swift */,
				1A5E75432426C0880011DA11 /* ListingsViewCellViewModelTests.swift */,
				1A5E75442426C0880011DA11 /* ListingsViewModelTests.swift */,
				1A5E75422426C0870011DA11 /* MyClientServiceTests.swift */,
				1A5E75412426C0870011DA11 /* TestAssets.xcassets */,
				1A5E74CF2426BDA70011DA11 /* Info.plist */,
			);
			path = TestProjectTests;
			sourceTree = "<group>";
		};
		1A5E74D72426BDA70011DA11 /* TestProjectUITests */ = {
			isa = PBXGroup;
			children = (
				1A5E754E2426C0AB0011DA11 /* UIKitTemplateUITests.swift */,
				1A5E74DA2426BDA70011DA11 /* Info.plist */,
				1A5E75502426C0B10011DA11 /* testData.json */,
			);
			path = TestProjectUITests;
			sourceTree = "<group>";
		};
		1A5E74E62426BFC70011DA11 /* Coordinator */ = {
			isa = PBXGroup;
			children = (
				1A5E74E72426BFC70011DA11 /* CoordinatorFinishFlowProtocol.swift */,
				1A5E74E82426BFC70011DA11 /* Extensions */,
				1A5E74EA2426BFC70011DA11 /* NavControllerCoordinator */,
				1A5E74F02426BFC70011DA11 /* CoordinatorProtocol.swift */,
			);
			path = Coordinator;
			sourceTree = "<group>";
		};
		1A5E74E82426BFC70011DA11 /* Extensions */ = {
			isa = PBXGroup;
			children = (
				1A5E74E92426BFC70011DA11 /* ViewController+Coordinator.swift */,
			);
			path = Extensions;
			sourceTree = "<group>";
		};
		1A5E74EA2426BFC70011DA11 /* NavControllerCoordinator */ = {
			isa = PBXGroup;
			children = (
				1A5E74EB2426BFC70011DA11 /* BaseRouterCoordinator.swift */,
				1A5E74EC2426BFC70011DA11 /* BaseTabBarCoordinator.swift */,
				1A5E74ED2426BFC70011DA11 /* Router */,
			);
			path = NavControllerCoordinator;
			sourceTree = "<group>";
		};
		1A5E74ED2426BFC70011DA11 /* Router */ = {
			isa = PBXGroup;
			children = (
				1A5E74EE2426BFC70011DA11 /* Presentable.swift */,
				1A5E74EF2426BFC70011DA11 /* Router.swift */,
			);
			path = Router;
			sourceTree = "<group>";
		};
		1A5E74F12426BFC70011DA11 /* CustomViews */ = {
			isa = PBXGroup;
			children = (
				1A5E74F22426BFC70011DA11 /* URLCachableImageView.swift */,
			);
			path = CustomViews;
			sourceTree = "<group>";
		};
		1A5E74F32426BFC70011DA11 /* Database */ = {
			isa = PBXGroup;
			children = (
				1A5E74F42426BFC70011DA11 /* RepositoryHandler.swift */,
			);
			path = Database;
			sourceTree = "<group>";
		};
		1A5E74F52426BFC70011DA11 /* Feature_Listings */ = {
			isa = PBXGroup;
			children = (
				1A5E74F62426BFC70011DA11 /* ListingsViewCellViewModel.swift */,
				1A5E74F72426BFC70011DA11 /* ListingsCordinator.swift */,
				1A5E74F82426BFC70011DA11 /* ListingsViewController.swift */,
				1A5E74F92426BFC70011DA11 /* ListingsViewCell.swift */,
				1A5E74FA2426BFC70011DA11 /* Models */,
				1A5E74FF2426BFC70011DA11 /* ListingsUseCase.swift */,
				1A5E75002426BFC70011DA11 /* ListingsViewModel.swift */,
			);
			path = Feature_Listings;
			sourceTree = "<group>";
		};
		1A5E74FA2426BFC70011DA11 /* Models */ = {
			isa = PBXGroup;
			children = (
				1A5E74FB2426BFC70011DA11 /* Location.swift */,
				1A5E74FC2426BFC70011DA11 /* Image.swift */,
				1A5E74FD2426BFC70011DA11 /* ImmoList.swift */,
				1A5E74FE2426BFC70011DA11 /* Listing.swift */,
			);
			path = Models;
			sourceTree = "<group>";
		};
		1A5E75012426BFC80011DA11 /* Caching */ = {
			isa = PBXGroup;
			children = (
				1A5E75022426BFC80011DA11 /* ImageCache.swift */,
			);
			path = Caching;
			sourceTree = "<group>";
		};
		1A5E75032426BFC80011DA11 /* Global */ = {
			isa = PBXGroup;
			children = (
				1A5E75042426BFC80011DA11 /* GlobalConstants.swift */,
			);
			path = Global;
			sourceTree = "<group>";
		};
		1A5E75052426BFC80011DA11 /* Utilities */ = {
			isa = PBXGroup;
			children = (
				1A5E75062426BFC80011DA11 /* Logger.swift */,
			);
			path = Utilities;
			sourceTree = "<group>";
		};
		1A5E75072426BFC80011DA11 /* Extensions */ = {
			isa = PBXGroup;
			children = (
				1A5E75082426BFC80011DA11 /* UIImage+Extensions.swift */,
				1A5E75092426BFC80011DA11 /* UITableView+Extensions.swift */,
				1A5E750A2426BFC80011DA11 /* Double+Extensions.swift */,
			);
			path = Extensions;
			sourceTree = "<group>";
		};
		1A5E750B2426BFC80011DA11 /* Networking */ = {
			isa = PBXGroup;
			children = (
				1A5E750C2426BFC80011DA11 /* Mocks */,
				1A5E75102426BFC80011DA11 /* HTTPClient.swift */,
				1A5E75142426BFC80011DA11 /* EndPoint.swift */,
				1A5E75122426BFC80011DA11 /* MyClientService.swift */,
			);
			path = Networking;
			sourceTree = "<group>";
		};
		1A5E750C2426BFC80011DA11 /* Mocks */ = {
			isa = PBXGroup;
			children = (
				1A5E750D2426BFC80011DA11 /* MockURLSession.swift */,
			);
			path = Mocks;
			sourceTree = "<group>";
		};
		1A5E75152426BFC80011DA11 /* Feature_Favorites */ = {
			isa = PBXGroup;
			children = (
				1A5E75162426BFC80011DA11 /* FavoritesCoordinator.swift */,
				1A5E75172426BFC80011DA11 /* FavoritesViewModel.swift */,
				1A5E75182426BFC80011DA11 /* FavoritesViewController.swift */,
			);
			path = Feature_Favorites;
			sourceTree = "<group>";
		};
/* End PBXGroup section */

/* Begin PBXNativeTarget section */
		1A5E74B22426BDA30011DA11 /* TestProject */ = {
			isa = PBXNativeTarget;
			buildConfigurationList = 1A5E74DD2426BDA70011DA11 /* Build configuration list for PBXNativeTarget "TestProject" */;
			buildPhases = (
				1A5E74AF2426BDA30011DA11 /* Sources */,
				1A5E74B02426BDA30011DA11 /* Frameworks */,
				1A5E74B12426BDA30011DA11 /* Resources */,
			);
			buildRules = (
			);
			dependencies = (
			);
			name = TestProject;
			productName = TestProject;
			productReference = 1A5E74B32426BDA30011DA11 /* TestProject.app */;
			productType = "com.apple.product-type.application";
		};
		1A5E74C82426BDA70011DA11 /* TestProjectTests */ = {
			isa = PBXNativeTarget;
			buildConfigurationList = 1A5E74E02426BDA70011DA11 /* Build configuration list for PBXNativeTarget "TestProjectTests" */;
			buildPhases = (
				1A5E74C52426BDA70011DA11 /* Sources */,
				1A5E74C62426BDA70011DA11 /* Frameworks */,
				1A5E74C72426BDA70011DA11 /* Resources */,
			);
			buildRules = (
			);
			dependencies = (
				1A5E74CB2426BDA70011DA11 /* PBXTargetDependency */,
			);
			name = TestProjectTests;
			productName = TestProjectTests;
			productReference = 1A5E74C92426BDA70011DA11 /* TestProjectTests.xctest */;
			productType = "com.apple.product-type.bundle.unit-test";
		};
		1A5E74D32426BDA70011DA11 /* TestProjectUITests */ = {
			isa = PBXNativeTarget;
			buildConfigurationList = 1A5E74E32426BDA70011DA11 /* Build configuration list for PBXNativeTarget "TestProjectUITests" */;
			buildPhases = (
				1A5E74D02426BDA70011DA11 /* Sources */,
				1A5E74D12426BDA70011DA11 /* Frameworks */,
				1A5E74D22426BDA70011DA11 /* Resources */,
			);
			buildRules = (
			);
			dependencies = (
				1A5E74D62426BDA70011DA11 /* PBXTargetDependency */,
			);
			name = TestProjectUITests;
			productName = TestProjectUITests;
			productReference = 1A5E74D42426BDA70011DA11 /* TestProjectUITests.xctest */;
			productType = "com.apple.product-type.bundle.ui-testing";
		};
/* End PBXNativeTarget section */

/* Begin PBXProject section */
		1A5E74AB2426BDA30011DA11 /* Project object */ = {
			isa = PBXProject;
			attributes = {
				LastSwiftUpdateCheck = 1130;
				LastUpgradeCheck = 1130;
				ORGANIZATIONNAME = "Pavan Kumar Valluru";
				TargetAttributes = {
					1A5E74B22426BDA30011DA11 = {
						CreatedOnToolsVersion = 11.3.1;
					};
					1A5E74C82426BDA70011DA11 = {
						CreatedOnToolsVersion = 11.3.1;
						LastSwiftMigration = 1130;
						TestTargetID = 1A5E74B22426BDA30011DA11;
					};
					1A5E74D32426BDA70011DA11 = {
						CreatedOnToolsVersion = 11.3.1;
						LastSwiftMigration = 1130;
						TestTargetID = 1A5E74B22426BDA30011DA11;
					};
				};
			};
			buildConfigurationList = 1A5E74AE2426BDA30011DA11 /* Build configuration list for PBXProject "TestProject" */;
			compatibilityVersion = "Xcode 9.3";
			developmentRegion = en;
			hasScannedForEncodings = 0;
			knownRegions = (
				en,
				Base,
			);
			mainGroup = 1A5E74AA2426BDA30011DA11;
			productRefGroup = 1A5E74B42426BDA30011DA11 /* Products */;
			projectDirPath = "";
			projectRoot = "";
			targets = (
				1A5E74B22426BDA30011DA11 /* TestProject */,
				1A5E74C82426BDA70011DA11 /* TestProjectTests */,
				1A5E74D32426BDA70011DA11 /* TestProjectUITests */,
			);
		};
/* End PBXProject section */

/* Begin PBXResourcesBuildPhase section */
		1A5E74B12426BDA30011DA11 /* Resources */ = {
			isa = PBXResourcesBuildPhase;
			buildActionMask = 2147483647;
			files = (
				1A5E74C32426BDA70011DA11 /* LaunchScreen.storyboard in Resources */,
				1A5E74C02426BDA70011DA11 /* Assets.xcassets in Resources */,
			);
			runOnlyForDeploymentPostprocessing = 0;
		};
		1A5E74C72426BDA70011DA11 /* Resources */ = {
			isa = PBXResourcesBuildPhase;
			buildActionMask = 2147483647;
			files = (
				1A5E75482426C0880011DA11 /* TestAssets.xcassets in Resources */,
			);
			runOnlyForDeploymentPostprocessing = 0;
		};
		1A5E74D22426BDA70011DA11 /* Resources */ = {
			isa = PBXResourcesBuildPhase;
			buildActionMask = 2147483647;
			files = (
				1A5E75512426C0B10011DA11 /* testData.json in Resources */,
			);
			runOnlyForDeploymentPostprocessing = 0;
		};
/* End PBXResourcesBuildPhase section */

/* Begin PBXSourcesBuildPhase section */
		1A5E74AF2426BDA30011DA11 /* Sources */ = {
			isa = PBXSourcesBuildPhase;
			buildActionMask = 2147483647;
			files = (
				1A5E753B2426BFC80011DA11 /* FavoritesViewModel.swift in Sources */,
				1A5E752C2426BFC80011DA11 /* ImageCache.swift in Sources */,
				1A5E751E2426BFC80011DA11 /* Router.swift in Sources */,
				1A5E752F2426BFC80011DA11 /* UIImage+Extensions.swift in Sources */,
				1A5E75312426BFC80011DA11 /* Double+Extensions.swift in Sources */,
				1A5E75352426BFC80011DA11 /* HTTPClient.swift in Sources */,
				1A5E75322426BFC80011DA11 /* MockURLSession.swift in Sources */,
				1A5E75192426BFC80011DA11 /* CoordinatorFinishFlowProtocol.swift in Sources */,
				1A5E752A2426BFC80011DA11 /* ListingsUseCase.swift in Sources */,
				1A5E753C2426BFC80011DA11 /* FavoritesViewController.swift in Sources */,
				1A5E752B2426BFC80011DA11 /* ListingsViewModel.swift in Sources */,
				1A5E75262426BFC80011DA11 /* Location.swift in Sources */,
				1A5E75252426BFC80011DA11 /* ListingsViewCell.swift in Sources */,
				1A5E75392426BFC80011DA11 /* EndPoint.swift in Sources */,
				1A5E753E2426BFF60011DA11 /* AppCoordinator.swift in Sources */,
				1A5E752E2426BFC80011DA11 /* Logger.swift in Sources */,
				1A5E751C2426BFC80011DA11 /* BaseTabBarCoordinator.swift in Sources */,
				1A5E75232426BFC80011DA11 /* ListingsCordinator.swift in Sources */,
				1A5E753A2426BFC80011DA11 /* FavoritesCoordinator.swift in Sources */,
				1A5E75292426BFC80011DA11 /* Listing.swift in Sources */,
				1A5E74B72426BDA30011DA11 /* AppDelegate.swift in Sources */,
				1A5E75282426BFC80011DA11 /* ImmoList.swift in Sources */,
				1A5E752D2426BFC80011DA11 /* GlobalConstants.swift in Sources */,
				1A5E751A2426BFC80011DA11 /* ViewController+Coordinator.swift in Sources */,
				1A5E75212426BFC80011DA11 /* RepositoryHandler.swift in Sources */,
				1A5E751F2426BFC80011DA11 /* CoordinatorProtocol.swift in Sources */,
				1A5E751B2426BFC80011DA11 /* BaseRouterCoordinator.swift in Sources */,
				1A5E75272426BFC80011DA11 /* Image.swift in Sources */,
				1A5E74B92426BDA30011DA11 /* SceneDelegate.swift in Sources */,
				1A5E75302426BFC80011DA11 /* UITableView+Extensions.swift in Sources */,
				1A5E75372426BFC80011DA11 /* MyClientService.swift in Sources */,
				1A5E751D2426BFC80011DA11 /* Presentable.swift in Sources */,
				1A5E75242426BFC80011DA11 /* ListingsViewController.swift in Sources */,
				1A5E75222426BFC80011DA11 /* ListingsViewCellViewModel.swift in Sources */,
				1A5E75202426BFC80011DA11 /* URLCachableImageView.swift in Sources */,
			);
			runOnlyForDeploymentPostprocessing = 0;
		};
		1A5E74C52426BDA70011DA11 /* Sources */ = {
			isa = PBXSourcesBuildPhase;
			buildActionMask = 2147483647;
			files = (
				1A5E75492426C0880011DA11 /* MyClientServiceTests.swift in Sources */,
				1A5E754A2426C0880011DA11 /* ListingsViewCellViewModelTests.swift in Sources */,
				1A5E754D2426C0880011DA11 /* HTTPClientTests.swift in Sources */,
				1A5E754C2426C0880011DA11 /* URLCachableImageViewTests.swift in Sources */,
				1A5E75472426C0880011DA11 /* ListingsUsecaseTests.swift in Sources */,
				1A5E754B2426C0880011DA11 /* ListingsViewModelTests.swift in Sources */,
			);
			runOnlyForDeploymentPostprocessing = 0;
		};
		1A5E74D02426BDA70011DA11 /* Sources */ = {
			isa = PBXSourcesBuildPhase;
			buildActionMask = 2147483647;
			files = (
				1A5E754F2426C0AB0011DA11 /* UIKitTemplateUITests.swift in Sources */,
			);
			runOnlyForDeploymentPostprocessing = 0;
		};
/* End PBXSourcesBuildPhase section */

/* Begin PBXTargetDependency section */
		1A5E74CB2426BDA70011DA11 /* PBXTargetDependency */ = {
			isa = PBXTargetDependency;
			target = 1A5E74B22426BDA30011DA11 /* TestProject */;
			targetProxy = 1A5E74CA2426BDA70011DA11 /* PBXContainerItemProxy */;
		};
		1A5E74D62426BDA70011DA11 /* PBXTargetDependency */ = {
			isa = PBXTargetDependency;
			target = 1A5E74B22426BDA30011DA11 /* TestProject */;
			targetProxy = 1A5E74D52426BDA70011DA11 /* PBXContainerItemProxy */;
		};
/* End PBXTargetDependency section */

/* Begin PBXVariantGroup section */
		1A5E74C12426BDA70011DA11 /* LaunchScreen.storyboard */ = {
			isa = PBXVariantGroup;
			children = (
				1A5E74C22426BDA70011DA11 /* Base */,
			);
			name = LaunchScreen.storyboard;
			sourceTree = "<group>";
		};
/* End PBXVariantGroup section */

/* Begin XCBuildConfiguration section */
		1A5E74DB2426BDA70011DA11 /* Debug */ = {
			isa = XCBuildConfiguration;
			buildSettings = {
				ALWAYS_SEARCH_USER_PATHS = NO;
				CLANG_ANALYZER_NONNULL = YES;
				CLANG_ANALYZER_NUMBER_OBJECT_CONVERSION = YES_AGGRESSIVE;
				CLANG_CXX_LANGUAGE_STANDARD = "gnu++14";
				CLANG_CXX_LIBRARY = "libc++";
				CLANG_ENABLE_MODULES = YES;
				CLANG_ENABLE_OBJC_ARC = YES;
				CLANG_ENABLE_OBJC_WEAK = YES;
				CLANG_WARN_BLOCK_CAPTURE_AUTORELEASING = YES;
				CLANG_WARN_BOOL_CONVERSION = YES;
				CLANG_WARN_COMMA = YES;
				CLANG_WARN_CONSTANT_CONVERSION = YES;
				CLANG_WARN_DEPRECATED_OBJC_IMPLEMENTATIONS = YES;
				CLANG_WARN_DIRECT_OBJC_ISA_USAGE = YES_ERROR;
				CLANG_WARN_DOCUMENTATION_COMMENTS = YES;
				CLANG_WARN_EMPTY_BODY = YES;
				CLANG_WARN_ENUM_CONVERSION = YES;
				CLANG_WARN_INFINITE_RECURSION = YES;
				CLANG_WARN_INT_CONVERSION = YES;
				CLANG_WARN_NON_LITERAL_NULL_CONVERSION = YES;
				CLANG_WARN_OBJC_IMPLICIT_RETAIN_SELF = YES;
				CLANG_WARN_OBJC_LITERAL_CONVERSION = YES;
				CLANG_WARN_OBJC_ROOT_CLASS = YES_ERROR;
				CLANG_WARN_RANGE_LOOP_ANALYSIS = YES;
				CLANG_WARN_STRICT_PROTOTYPES = YES;
				CLANG_WARN_SUSPICIOUS_MOVE = YES;
				CLANG_WARN_UNGUARDED_AVAILABILITY = YES_AGGRESSIVE;
				CLANG_WARN_UNREACHABLE_CODE = YES;
				CLANG_WARN__DUPLICATE_METHOD_MATCH = YES;
				COPY_PHASE_STRIP = NO;
				DEBUG_INFORMATION_FORMAT = dwarf;
				ENABLE_STRICT_OBJC_MSGSEND = YES;
				ENABLE_TESTABILITY = YES;
				GCC_C_LANGUAGE_STANDARD = gnu11;
				GCC_DYNAMIC_NO_PIC = NO;
				GCC_NO_COMMON_BLOCKS = YES;
				GCC_OPTIMIZATION_LEVEL = 0;
				GCC_PREPROCESSOR_DEFINITIONS = (
					"DEBUG=1",
					"$(inherited)",
				);
				GCC_WARN_64_TO_32_BIT_CONVERSION = YES;
				GCC_WARN_ABOUT_RETURN_TYPE = YES_ERROR;
				GCC_WARN_UNDECLARED_SELECTOR = YES;
				GCC_WARN_UNINITIALIZED_AUTOS = YES_AGGRESSIVE;
				GCC_WARN_UNUSED_FUNCTION = YES;
				GCC_WARN_UNUSED_VARIABLE = YES;
				IPHONEOS_DEPLOYMENT_TARGET = 13.2;
				MTL_ENABLE_DEBUG_INFO = INCLUDE_SOURCE;
				MTL_FAST_MATH = YES;
				ONLY_ACTIVE_ARCH = YES;
				SDKROOT = iphoneos;
				SWIFT_ACTIVE_COMPILATION_CONDITIONS = DEBUG;
				SWIFT_OPTIMIZATION_LEVEL = "-Onone";
			};
			name = Debug;
		};
		1A5E74DC2426BDA70011DA11 /* Release */ = {
			isa = XCBuildConfiguration;
			buildSettings = {
				ALWAYS_SEARCH_USER_PATHS = NO;
				CLANG_ANALYZER_NONNULL = YES;
				CLANG_ANALYZER_NUMBER_OBJECT_CONVERSION = YES_AGGRESSIVE;
				CLANG_CXX_LANGUAGE_STANDARD = "gnu++14";
				CLANG_CXX_LIBRARY = "libc++";
				CLANG_ENABLE_MODULES = YES;
				CLANG_ENABLE_OBJC_ARC = YES;
				CLANG_ENABLE_OBJC_WEAK = YES;
				CLANG_WARN_BLOCK_CAPTURE_AUTORELEASING = YES;
				CLANG_WARN_BOOL_CONVERSION = YES;
				CLANG_WARN_COMMA = YES;
				CLANG_WARN_CONSTANT_CONVERSION = YES;
				CLANG_WARN_DEPRECATED_OBJC_IMPLEMENTATIONS = YES;
				CLANG_WARN_DIRECT_OBJC_ISA_USAGE = YES_ERROR;
				CLANG_WARN_DOCUMENTATION_COMMENTS = YES;
				CLANG_WARN_EMPTY_BODY = YES;
				CLANG_WARN_ENUM_CONVERSION = YES;
				CLANG_WARN_INFINITE_RECURSION = YES;
				CLANG_WARN_INT_CONVERSION = YES;
				CLANG_WARN_NON_LITERAL_NULL_CONVERSION = YES;
				CLANG_WARN_OBJC_IMPLICIT_RETAIN_SELF = YES;
				CLANG_WARN_OBJC_LITERAL_CONVERSION = YES;
				CLANG_WARN_OBJC_ROOT_CLASS = YES_ERROR;
				CLANG_WARN_RANGE_LOOP_ANALYSIS = YES;
				CLANG_WARN_STRICT_PROTOTYPES = YES;
				CLANG_WARN_SUSPICIOUS_MOVE = YES;
				CLANG_WARN_UNGUARDED_AVAILABILITY = YES_AGGRESSIVE;
				CLANG_WARN_UNREACHABLE_CODE = YES;
				CLANG_WARN__DUPLICATE_METHOD_MATCH = YES;
				COPY_PHASE_STRIP = NO;
				DEBUG_INFORMATION_FORMAT = "dwarf-with-dsym";
				ENABLE_NS_ASSERTIONS = NO;
				ENABLE_STRICT_OBJC_MSGSEND = YES;
				GCC_C_LANGUAGE_STANDARD = gnu11;
				GCC_NO_COMMON_BLOCKS = YES;
				GCC_WARN_64_TO_32_BIT_CONVERSION = YES;
				GCC_WARN_ABOUT_RETURN_TYPE = YES_ERROR;
				GCC_WARN_UNDECLARED_SELECTOR = YES;
				GCC_WARN_UNINITIALIZED_AUTOS = YES_AGGRESSIVE;
				GCC_WARN_UNUSED_FUNCTION = YES;
				GCC_WARN_UNUSED_VARIABLE = YES;
				IPHONEOS_DEPLOYMENT_TARGET = 13.2;
				MTL_ENABLE_DEBUG_INFO = NO;
				MTL_FAST_MATH = YES;
				SDKROOT = iphoneos;
				SWIFT_COMPILATION_MODE = wholemodule;
				SWIFT_OPTIMIZATION_LEVEL = "-O";
				VALIDATE_PRODUCT = YES;
			};
			name = Release;
		};
		1A5E74DE2426BDA70011DA11 /* Debug */ = {
			isa = XCBuildConfiguration;
			buildSettings = {
				ASSETCATALOG_COMPILER_APPICON_NAME = AppIcon;
				CODE_SIGN_STYLE = Automatic;
				DEVELOPMENT_TEAM = VA833KQMTP;
				INFOPLIST_FILE = TestProject/Info.plist;
				LD_RUNPATH_SEARCH_PATHS = (
					"$(inherited)",
					"@executable_path/Frameworks",
				);
				PRODUCT_BUNDLE_IDENTIFIER = com.pavan.TestProject;
				PRODUCT_NAME = "$(TARGET_NAME)";
				SWIFT_VERSION = 5.0;
				TARGETED_DEVICE_FAMILY = "1,2";
			};
			name = Debug;
		};
		1A5E74DF2426BDA70011DA11 /* Release */ = {
			isa = XCBuildConfiguration;
			buildSettings = {
				ASSETCATALOG_COMPILER_APPICON_NAME = AppIcon;
				CODE_SIGN_STYLE = Automatic;
				DEVELOPMENT_TEAM = VA833KQMTP;
				INFOPLIST_FILE = TestProject/Info.plist;
				LD_RUNPATH_SEARCH_PATHS = (
					"$(inherited)",
					"@executable_path/Frameworks",
				);
				PRODUCT_BUNDLE_IDENTIFIER = com.pavan.TestProject;
				PRODUCT_NAME = "$(TARGET_NAME)";
				SWIFT_VERSION = 5.0;
				TARGETED_DEVICE_FAMILY = "1,2";
			};
			name = Release;
		};
		1A5E74E12426BDA70011DA11 /* Debug */ = {
			isa = XCBuildConfiguration;
			buildSettings = {
				ALWAYS_EMBED_SWIFT_STANDARD_LIBRARIES = YES;
				BUNDLE_LOADER = "$(TEST_HOST)";
				CLANG_ENABLE_MODULES = YES;
				CODE_SIGN_STYLE = Automatic;
				DEVELOPMENT_TEAM = VA833KQMTP;
				INFOPLIST_FILE = TestProjectTests/Info.plist;
				IPHONEOS_DEPLOYMENT_TARGET = 13.2;
				LD_RUNPATH_SEARCH_PATHS = (
					"$(inherited)",
					"@executable_path/Frameworks",
					"@loader_path/Frameworks",
				);
				PRODUCT_BUNDLE_IDENTIFIER = com.pavan.TestProjectTests;
				PRODUCT_NAME = "$(TARGET_NAME)";
				SWIFT_OBJC_BRIDGING_HEADER = "";
				SWIFT_OPTIMIZATION_LEVEL = "-Onone";
				SWIFT_VERSION = 5.0;
				TARGETED_DEVICE_FAMILY = "1,2";
				TEST_HOST = "$(BUILT_PRODUCTS_DIR)/TestProject.app/TestProject";
			};
			name = Debug;
		};
		1A5E74E22426BDA70011DA11 /* Release */ = {
			isa = XCBuildConfiguration;
			buildSettings = {
				ALWAYS_EMBED_SWIFT_STANDARD_LIBRARIES = YES;
				BUNDLE_LOADER = "$(TEST_HOST)";
				CLANG_ENABLE_MODULES = YES;
				CODE_SIGN_STYLE = Automatic;
				DEVELOPMENT_TEAM = VA833KQMTP;
				INFOPLIST_FILE = TestProjectTests/Info.plist;
				IPHONEOS_DEPLOYMENT_TARGET = 13.2;
				LD_RUNPATH_SEARCH_PATHS = (
					"$(inherited)",
					"@executable_path/Frameworks",
					"@loader_path/Frameworks",
				);
				PRODUCT_BUNDLE_IDENTIFIER = com.pavan.TestProjectTests;
				PRODUCT_NAME = "$(TARGET_NAME)";
				SWIFT_OBJC_BRIDGING_HEADER = "";
				SWIFT_VERSION = 5.0;
				TARGETED_DEVICE_FAMILY = "1,2";
				TEST_HOST = "$(BUILT_PRODUCTS_DIR)/TestProject.app/TestProject";
			};
			name = Release;
		};
		1A5E74E42426BDA70011DA11 /* Debug */ = {
			isa = XCBuildConfiguration;
			buildSettings = {
				ALWAYS_EMBED_SWIFT_STANDARD_LIBRARIES = YES;
				CLANG_ENABLE_MODULES = YES;
				CODE_SIGN_STYLE = Automatic;
				DEVELOPMENT_TEAM = VA833KQMTP;
				INFOPLIST_FILE = TestProjectUITests/Info.plist;
				LD_RUNPATH_SEARCH_PATHS = (
					"$(inherited)",
					"@executable_path/Frameworks",
					"@loader_path/Frameworks",
				);
				PRODUCT_BUNDLE_IDENTIFIER = com.pavan.TestProjectUITests;
				PRODUCT_NAME = "$(TARGET_NAME)";
				SWIFT_OPTIMIZATION_LEVEL = "-Onone";
				SWIFT_VERSION = 5.0;
				TARGETED_DEVICE_FAMILY = "1,2";
				TEST_TARGET_NAME = TestProject;
			};
			name = Debug;
		};
		1A5E74E52426BDA70011DA11 /* Release */ = {
			isa = XCBuildConfiguration;
			buildSettings = {
				ALWAYS_EMBED_SWIFT_STANDARD_LIBRARIES = YES;
				CLANG_ENABLE_MODULES = YES;
				CODE_SIGN_STYLE = Automatic;
				DEVELOPMENT_TEAM = VA833KQMTP;
				INFOPLIST_FILE = TestProjectUITests/Info.plist;
				LD_RUNPATH_SEARCH_PATHS = (
					"$(inherited)",
					"@executable_path/Frameworks",
					"@loader_path/Frameworks",
				);
				PRODUCT_BUNDLE_IDENTIFIER = com.pavan.TestProjectUITests;
				PRODUCT_NAME = "$(TARGET_NAME)";
				SWIFT_VERSION = 5.0;
				TARGETED_DEVICE_FAMILY = "1,2";
				TEST_TARGET_NAME = TestProject;
			};
			name = Release;
		};
/* End XCBuildConfiguration section */

/* Begin XCConfigurationList section */
		1A5E74AE2426BDA30011DA11 /* Build configuration list for PBXProject "TestProject" */ = {
			isa = XCConfigurationList;
			buildConfigurations = (
				1A5E74DB2426BDA70011DA11 /* Debug */,
				1A5E74DC2426BDA70011DA11 /* Release */,
			);
			defaultConfigurationIsVisible = 0;
			defaultConfigurationName = Release;
		};
		1A5E74DD2426BDA70011DA11 /* Build configuration list for PBXNativeTarget "TestProject" */ = {
			isa = XCConfigurationList;
			buildConfigurations = (
				1A5E74DE2426BDA70011DA11 /* Debug */,
				1A5E74DF2426BDA70011DA11 /* Release */,
			);
			defaultConfigurationIsVisible = 0;
			defaultConfigurationName = Release;
		};
		1A5E74E02426BDA70011DA11 /* Build configuration list for PBXNativeTarget "TestProjectTests" */ = {
			isa = XCConfigurationList;
			buildConfigurations = (
				1A5E74E12426BDA70011DA11 /* Debug */,
				1A5E74E22426BDA70011DA11 /* Release */,
			);
			defaultConfigurationIsVisible = 0;
			defaultConfigurationName = Release;
		};
		1A5E74E32426BDA70011DA11 /* Build configuration list for PBXNativeTarget "TestProjectUITests" */ = {
			isa = XCConfigurationList;
			buildConfigurations = (
				1A5E74E42426BDA70011DA11 /* Debug */,
				1A5E74E52426BDA70011DA11 /* Release */,
			);
			defaultConfigurationIsVisible = 0;
			defaultConfigurationName = Release;
		};
/* End XCConfigurationList section */
	};
	rootObject = 1A5E74AB2426BDA30011DA11 /* Project object */;
}
